
Microsoft Visual Studio Solution File, Format Version 12.00
# Visual Studio 15
VisualStudioVersion = 15.0.28010.2016
MinimumVisualStudioVersion = 10.0.40219.1
Project("{FAE04EC0-301F-11D3-BF4B-00C04F79EFBC}") = "TodoIdentity", "TodoIdentity\TodoIdentity.csproj", "{C95CAC66-9D2E-4C07-BE70-4DA86A1027AA}"
EndProject
Global
	GlobalSection(SolutionConfigurationPlatforms) = preSolution
		Debug|Any CPU = Debug|Any CPU
		Release|Any CPU = Release|Any CPU
	EndGlobalSection
	GlobalSection(ProjectConfigurationPlatforms) = postSolution
		{C95CAC66-9D2E-4C07-BE70-4DA86A1027AA}.Debug|Any CPU.ActiveCfg = Debug|Any CPU
		{C95CAC66-9D2E-4C07-BE70-4DA86A1027AA}.Debug|Any CPU.Build.0 = Debug|Any CPU
		{C95CAC66-9D2E-4C07-BE70-4DA86A1027AA}.Release|Any CPU.ActiveCfg = Release|Any CPU
		{C95CAC66-9D2E-4C07-BE70-4DA86A1027AA}.Release|Any CPU.Build.0 = Release|Any CPU
	EndGlobalSection
	GlobalSection(SolutionProperties) = preSolution
		HideSolutionNode = FALSE
	EndGlobalSection
	GlobalSection(ExtensibilityGlobals) = postSolution
		SolutionGuid = {10B3A57B-B73C-4FDC-9DFF-54B523D50C58}
	EndGlobalSection
EndGlobal
